// !$*UTF8*$!
{
	archiveVersion = 1;
	classes = {
	};
	objectVersion = 48;
	objects = {

/* Begin PBXBuildFile section */
		819C533C21EEC4990094562D /* AppDelegate.m in Sources */ = {isa = PBXBuildFile; fileRef = 819C533B21EEC4990094562D /* AppDelegate.m */; };
		819C533F21EEC4990094562D /* ViewController.m in Sources */ = {isa = PBXBuildFile; fileRef = 819C533E21EEC4990094562D /* ViewController.m */; };
		819C534421EEC4990094562D /* Assets.xcassets in Resources */ = {isa = PBXBuildFile; fileRef = 819C534321EEC4990094562D /* Assets.xcassets */; };
		819C534721EEC4990094562D /* LaunchScreen.storyboard in Resources */ = {isa = PBXBuildFile; fileRef = 819C534521EEC4990094562D /* LaunchScreen.storyboard */; };
		819C534A21EEC4990094562D /* main.m in Sources */ = {isa = PBXBuildFile; fileRef = 819C534921EEC4990094562D /* main.m */; };
		819C535421EEC4990094562D /* LearnCoreAnimationTests.m in Sources */ = {isa = PBXBuildFile; fileRef = 819C535321EEC4990094562D /* LearnCoreAnimationTests.m */; };
		819C535F21EEC4990094562D /* LearnCoreAnimationUITests.m in Sources */ = {isa = PBXBuildFile; fileRef = 819C535E21EEC4990094562D /* LearnCoreAnimationUITests.m */; };
		819C537221EEC8430094562D /* UseLayerViewController.m in Sources */ = {isa = PBXBuildFile; fileRef = 819C537121EEC8430094562D /* UseLayerViewController.m */; };
		819C537B21EED00C0094562D /* ContentsViewController.m in Sources */ = {isa = PBXBuildFile; fileRef = 819C537A21EED00C0094562D /* ContentsViewController.m */; };
		819C537F21EED8380094562D /* DrawViewController.m in Sources */ = {isa = PBXBuildFile; fileRef = 819C537E21EED8380094562D /* DrawViewController.m */; };
		819C538721EEED860094562D /* AnchorPointViewController.m in Sources */ = {isa = PBXBuildFile; fileRef = 819C538621EEED860094562D /* AnchorPointViewController.m */; };
		819C538B21F010AA0094562D /* CoordinateViewController.m in Sources */ = {isa = PBXBuildFile; fileRef = 819C538A21F010AA0094562D /* CoordinateViewController.m */; };
		819C539021F0143E0094562D /* HitTestingViewController.m in Sources */ = {isa = PBXBuildFile; fileRef = 819C538F21F0143E0094562D /* HitTestingViewController.m */; };
		819C539521F019E70094562D /* FilletViewController.m in Sources */ = {isa = PBXBuildFile; fileRef = 819C539421F019E70094562D /* FilletViewController.m */; };
		819C539921F01C4C0094562D /* BorderViewController.m in Sources */ = {isa = PBXBuildFile; fileRef = 819C539821F01C4C0094562D /* BorderViewController.m */; };
		819C539D21F01F8A0094562D /* ShadowViewController.m in Sources */ = {isa = PBXBuildFile; fileRef = 819C539C21F01F8A0094562D /* ShadowViewController.m */; };
		819C53A221F0244C0094562D /* MaskViewController.m in Sources */ = {isa = PBXBuildFile; fileRef = 819C53A121F0244C0094562D /* MaskViewController.m */; };
/* End PBXBuildFile section */

/* Begin PBXContainerItemProxy section */
		819C535021EEC4990094562D /* PBXContainerItemProxy */ = {
			isa = PBXContainerItemProxy;
			containerPortal = 819C532F21EEC4990094562D /* Project object */;
			proxyType = 1;
			remoteGlobalIDString = 819C533621EEC4990094562D;
			remoteInfo = LearnCoreAnimation;
		};
		819C535B21EEC4990094562D /* PBXContainerItemProxy */ = {
			isa = PBXContainerItemProxy;
			containerPortal = 819C532F21EEC4990094562D /* Project object */;
			proxyType = 1;
			remoteGlobalIDString = 819C533621EEC4990094562D;
			remoteInfo = LearnCoreAnimation;
		};
/* End PBXContainerItemProxy section */

/* Begin PBXFileReference section */
		819C533721EEC4990094562D /* LearnCoreAnimation.app */ = {isa = PBXFileReference; explicitFileType = wrapper.application; includeInIndex = 0; path = LearnCoreAnimation.app; sourceTree = BUILT_PRODUCTS_DIR; };
		819C533A21EEC4990094562D /* AppDelegate.h */ = {isa = PBXFileReference; lastKnownFileType = sourcecode.c.h; path = AppDelegate.h; sourceTree = "<group>"; };
		819C533B21EEC4990094562D /* AppDelegate.m */ = {isa = PBXFileReference; lastKnownFileType = sourcecode.c.objc; path = AppDelegate.m; sourceTree = "<group>"; };
		819C533D21EEC4990094562D /* ViewController.h */ = {isa = PBXFileReference; lastKnownFileType = sourcecode.c.h; path = ViewController.h; sourceTree = "<group>"; };
		819C533E21EEC4990094562D /* ViewController.m */ = {isa = PBXFileReference; lastKnownFileType = sourcecode.c.objc; path = ViewController.m; sourceTree = "<group>"; };
		819C534321EEC4990094562D /* Assets.xcassets */ = {isa = PBXFileReference; lastKnownFileType = folder.assetcatalog; path = Assets.xcassets; sourceTree = "<group>"; };
		819C534621EEC4990094562D /* Base */ = {isa = PBXFileReference; lastKnownFileType = file.storyboard; name = Base; path = Base.lproj/LaunchScreen.storyboard; sourceTree = "<group>"; };
		819C534821EEC4990094562D /* Info.plist */ = {isa = PBXFileReference; lastKnownFileType = text.plist.xml; path = Info.plist; sourceTree = "<group>"; };
		819C534921EEC4990094562D /* main.m */ = {isa = PBXFileReference; lastKnownFileType = sourcecode.c.objc; path = main.m; sourceTree = "<group>"; };
		819C534F21EEC4990094562D /* LearnCoreAnimationTests.xctest */ = {isa = PBXFileReference; explicitFileType = wrapper.cfbundle; includeInIndex = 0; path = LearnCoreAnimationTests.xctest; sourceTree = BUILT_PRODUCTS_DIR; };
		819C535321EEC4990094562D /* LearnCoreAnimationTests.m */ = {isa = PBXFileReference; lastKnownFileType = sourcecode.c.objc; path = LearnCoreAnimationTests.m; sourceTree = "<group>"; };
		819C535521EEC4990094562D /* Info.plist */ = {isa = PBXFileReference; lastKnownFileType = text.plist.xml; path = Info.plist; sourceTree = "<group>"; };
		819C535A21EEC4990094562D /* LearnCoreAnimationUITests.xctest */ = {isa = PBXFileReference; explicitFileType = wrapper.cfbundle; includeInIndex = 0; path = LearnCoreAnimationUITests.xctest; sourceTree = BUILT_PRODUCTS_DIR; };
		819C535E21EEC4990094562D /* LearnCoreAnimationUITests.m */ = {isa = PBXFileReference; lastKnownFileType = sourcecode.c.objc; path = LearnCoreAnimationUITests.m; sourceTree = "<group>"; };
		819C536021EEC4990094562D /* Info.plist */ = {isa = PBXFileReference; lastKnownFileType = text.plist.xml; path = Info.plist; sourceTree = "<group>"; };
		819C537021EEC8430094562D /* UseLayerViewController.h */ = {isa = PBXFileReference; lastKnownFileType = sourcecode.c.h; path = UseLayerViewController.h; sourceTree = "<group>"; };
		819C537121EEC8430094562D /* UseLayerViewController.m */ = {isa = PBXFileReference; lastKnownFileType = sourcecode.c.objc; path = UseLayerViewController.m; sourceTree = "<group>"; };
		819C537921EED00C0094562D /* ContentsViewController.h */ = {isa = PBXFileReference; lastKnownFileType = sourcecode.c.h; path = ContentsViewController.h; sourceTree = "<group>"; };
		819C537A21EED00C0094562D /* ContentsViewController.m */ = {isa = PBXFileReference; lastKnownFileType = sourcecode.c.objc; path = ContentsViewController.m; sourceTree = "<group>"; };
		819C537D21EED8380094562D /* DrawViewController.h */ = {isa = PBXFileReference; lastKnownFileType = sourcecode.c.h; path = DrawViewController.h; sourceTree = "<group>"; };
		819C537E21EED8380094562D /* DrawViewController.m */ = {isa = PBXFileReference; lastKnownFileType = sourcecode.c.objc; path = DrawViewController.m; sourceTree = "<group>"; };
		819C538221EEDB4A0094562D /* UIViewAndCALayerFrame.m */ = {isa = PBXFileReference; lastKnownFileType = sourcecode.c.objc; path = UIViewAndCALayerFrame.m; sourceTree = "<group>"; };
		819C538521EEED860094562D /* AnchorPointViewController.h */ = {isa = PBXFileReference; lastKnownFileType = sourcecode.c.h; path = AnchorPointViewController.h; sourceTree = "<group>"; };
		819C538621EEED860094562D /* AnchorPointViewController.m */ = {isa = PBXFileReference; lastKnownFileType = sourcecode.c.objc; path = AnchorPointViewController.m; sourceTree = "<group>"; };
		819C538921F010AA0094562D /* CoordinateViewController.h */ = {isa = PBXFileReference; lastKnownFileType = sourcecode.c.h; path = CoordinateViewController.h; sourceTree = "<group>"; };
		819C538A21F010AA0094562D /* CoordinateViewController.m */ = {isa = PBXFileReference; lastKnownFileType = sourcecode.c.objc; path = CoordinateViewController.m; sourceTree = "<group>"; };
		819C538E21F0143E0094562D /* HitTestingViewController.h */ = {isa = PBXFileReference; lastKnownFileType = sourcecode.c.h; path = HitTestingViewController.h; sourceTree = "<group>"; };
		819C538F21F0143E0094562D /* HitTestingViewController.m */ = {isa = PBXFileReference; lastKnownFileType = sourcecode.c.objc; path = HitTestingViewController.m; sourceTree = "<group>"; };
		819C539321F019E70094562D /* FilletViewController.h */ = {isa = PBXFileReference; lastKnownFileType = sourcecode.c.h; path = FilletViewController.h; sourceTree = "<group>"; };
		819C539421F019E70094562D /* FilletViewController.m */ = {isa = PBXFileReference; lastKnownFileType = sourcecode.c.objc; path = FilletViewController.m; sourceTree = "<group>"; };
		819C539721F01C4C0094562D /* BorderViewController.h */ = {isa = PBXFileReference; lastKnownFileType = sourcecode.c.h; path = BorderViewController.h; sourceTree = "<group>"; };
		819C539821F01C4C0094562D /* BorderViewController.m */ = {isa = PBXFileReference; lastKnownFileType = sourcecode.c.objc; path = BorderViewController.m; sourceTree = "<group>"; };
		819C539B21F01F8A0094562D /* ShadowViewController.h */ = {isa = PBXFileReference; lastKnownFileType = sourcecode.c.h; path = ShadowViewController.h; sourceTree = "<group>"; };
		819C539C21F01F8A0094562D /* ShadowViewController.m */ = {isa = PBXFileReference; lastKnownFileType = sourcecode.c.objc; path = ShadowViewController.m; sourceTree = "<group>"; };
		819C53A021F0244C0094562D /* MaskViewController.h */ = {isa = PBXFileReference; lastKnownFileType = sourcecode.c.h; path = MaskViewController.h; sourceTree = "<group>"; };
		819C53A121F0244C0094562D /* MaskViewController.m */ = {isa = PBXFileReference; lastKnownFileType = sourcecode.c.objc; path = MaskViewController.m; sourceTree = "<group>"; };
/* End PBXFileReference section */

/* Begin PBXFrameworksBuildPhase section */
		819C533421EEC4990094562D /* Frameworks */ = {
			isa = PBXFrameworksBuildPhase;
			buildActionMask = 2147483647;
			files = (
			);
			runOnlyForDeploymentPostprocessing = 0;
		};
		819C534C21EEC4990094562D /* Frameworks */ = {
			isa = PBXFrameworksBuildPhase;
			buildActionMask = 2147483647;
			files = (
			);
			runOnlyForDeploymentPostprocessing = 0;
		};
		819C535721EEC4990094562D /* Frameworks */ = {
			isa = PBXFrameworksBuildPhase;
			buildActionMask = 2147483647;
			files = (
			);
			runOnlyForDeploymentPostprocessing = 0;
		};
/* End PBXFrameworksBuildPhase section */

/* Begin PBXGroup section */
		819C532E21EEC4990094562D = {
			isa = PBXGroup;
			children = (
				819C533921EEC4990094562D /* LearnCoreAnimation */,
				819C535221EEC4990094562D /* LearnCoreAnimationTests */,
				819C535D21EEC4990094562D /* LearnCoreAnimationUITests */,
				819C533821EEC4990094562D /* Products */,
			);
			sourceTree = "<group>";
		};
		819C533821EEC4990094562D /* Products */ = {
			isa = PBXGroup;
			children = (
				819C533721EEC4990094562D /* LearnCoreAnimation.app */,
				819C534F21EEC4990094562D /* LearnCoreAnimationTests.xctest */,
				819C535A21EEC4990094562D /* LearnCoreAnimationUITests.xctest */,
			);
			name = Products;
			sourceTree = "<group>";
		};
		819C533921EEC4990094562D /* LearnCoreAnimation */ = {
			isa = PBXGroup;
			children = (
				819C537721EECFDA0094562D /* 1. 图层树 */,
				819C537621EECFBC0094562D /* 2. 寄宿图 */,
				819C538021EEDA460094562D /* 3. 图层几何学 */,
				819C539121F019A70094562D /* 4. 视觉效果 */,
				819C533A21EEC4990094562D /* AppDelegate.h */,
				819C533B21EEC4990094562D /* AppDelegate.m */,
				819C533D21EEC4990094562D /* ViewController.h */,
				819C533E21EEC4990094562D /* ViewController.m */,
				819C534321EEC4990094562D /* Assets.xcassets */,
				819C534521EEC4990094562D /* LaunchScreen.storyboard */,
				819C534821EEC4990094562D /* Info.plist */,
				819C534921EEC4990094562D /* main.m */,
			);
			path = LearnCoreAnimation;
			sourceTree = "<group>";
		};
		819C535221EEC4990094562D /* LearnCoreAnimationTests */ = {
			isa = PBXGroup;
			children = (
				819C535321EEC4990094562D /* LearnCoreAnimationTests.m */,
				819C535521EEC4990094562D /* Info.plist */,
			);
			path = LearnCoreAnimationTests;
			sourceTree = "<group>";
		};
		819C535D21EEC4990094562D /* LearnCoreAnimationUITests */ = {
			isa = PBXGroup;
			children = (
				819C535E21EEC4990094562D /* LearnCoreAnimationUITests.m */,
				819C536021EEC4990094562D /* Info.plist */,
			);
			path = LearnCoreAnimationUITests;
			sourceTree = "<group>";
		};
		819C536F21EEC8180094562D /* 1.3 使用图层 */ = {
			isa = PBXGroup;
			children = (
				819C537021EEC8430094562D /* UseLayerViewController.h */,
				819C537121EEC8430094562D /* UseLayerViewController.m */,
			);
			path = "1.3 使用图层";
			sourceTree = "<group>";
		};
		819C537621EECFBC0094562D /* 2. 寄宿图 */ = {
			isa = PBXGroup;
			children = (
				819C537821EECFEE0094562D /* 2.1 contents属性 */,
				819C537C21EED80F0094562D /* 2.2 CustomDrawing */,
			);
			path = "2. 寄宿图";
			sourceTree = "<group>";
		};
		819C537721EECFDA0094562D /* 1. 图层树 */ = {
			isa = PBXGroup;
			children = (
				819C536F21EEC8180094562D /* 1.3 使用图层 */,
			);
			path = "1. 图层树";
			sourceTree = "<group>";
		};
		819C537821EECFEE0094562D /* 2.1 contents属性 */ = {
			isa = PBXGroup;
			children = (
				819C537921EED00C0094562D /* ContentsViewController.h */,
				819C537A21EED00C0094562D /* ContentsViewController.m */,
			);
			path = "2.1 contents属性";
			sourceTree = "<group>";
		};
		819C537C21EED80F0094562D /* 2.2 CustomDrawing */ = {
			isa = PBXGroup;
			children = (
				819C537D21EED8380094562D /* DrawViewController.h */,
				819C537E21EED8380094562D /* DrawViewController.m */,
			);
			path = "2.2 CustomDrawing";
			sourceTree = "<group>";
		};
		819C538021EEDA460094562D /* 3. 图层几何学 */ = {
			isa = PBXGroup;
			children = (
				819C538121EEDB140094562D /* 3.1 布局 */,
				819C538421EEED590094562D /* 3.2 锚点 */,
				819C538821F010780094562D /* 3.3 坐标系 */,
				819C538C21F013F10094562D /* 3.4 HitTesting */,
			);
			path = "3. 图层几何学";
			sourceTree = "<group>";
		};
		819C538121EEDB140094562D /* 3.1 布局 */ = {
			isa = PBXGroup;
			children = (
				819C538221EEDB4A0094562D /* UIViewAndCALayerFrame.m */,
			);
			path = "3.1 布局";
			sourceTree = "<group>";
		};
		819C538421EEED590094562D /* 3.2 锚点 */ = {
			isa = PBXGroup;
			children = (
				819C538521EEED860094562D /* AnchorPointViewController.h */,
				819C538621EEED860094562D /* AnchorPointViewController.m */,
			);
			path = "3.2 锚点";
			sourceTree = "<group>";
		};
		819C538821F010780094562D /* 3.3 坐标系 */ = {
			isa = PBXGroup;
			children = (
				819C538921F010AA0094562D /* CoordinateViewController.h */,
				819C538A21F010AA0094562D /* CoordinateViewController.m */,
			);
			path = "3.3 坐标系";
			sourceTree = "<group>";
		};
		819C538C21F013F10094562D /* 3.4 HitTesting */ = {
			isa = PBXGroup;
			children = (
				819C538E21F0143E0094562D /* HitTestingViewController.h */,
				819C538F21F0143E0094562D /* HitTestingViewController.m */,
			);
			path = "3.4 HitTesting";
			sourceTree = "<group>";
		};
		819C539121F019A70094562D /* 4. 视觉效果 */ = {
			isa = PBXGroup;
			children = (
				819C539221F019BB0094562D /* 4.1 圆角 */,
				819C539621F01C350094562D /* 4.2 图层边框 */,
				819C539A21F01F6C0094562D /* 4.3 阴影 */,
				819C539E21F024290094562D /* 4.4 图层蒙版 */,
			);
			path = "4. 视觉效果";
			sourceTree = "<group>";
		};
		819C539221F019BB0094562D /* 4.1 圆角 */ = {
			isa = PBXGroup;
			children = (
				819C539321F019E70094562D /* FilletViewController.h */,
				819C539421F019E70094562D /* FilletViewController.m */,
			);
			path = "4.1 圆角";
			sourceTree = "<group>";
		};
		819C539621F01C350094562D /* 4.2 图层边框 */ = {
			isa = PBXGroup;
			children = (
				819C539721F01C4C0094562D /* BorderViewController.h */,
				819C539821F01C4C0094562D /* BorderViewController.m */,
			);
			path = "4.2 图层边框";
			sourceTree = "<group>";
		};
		819C539A21F01F6C0094562D /* 4.3 阴影 */ = {
			isa = PBXGroup;
			children = (
				819C539B21F01F8A0094562D /* ShadowViewController.h */,
				819C539C21F01F8A0094562D /* ShadowViewController.m */,
			);
			path = "4.3 阴影";
			sourceTree = "<group>";
		};
		819C539E21F024290094562D /* 4.4 图层蒙版 */ = {
			isa = PBXGroup;
			children = (
				819C53A021F0244C0094562D /* MaskViewController.h */,
				819C53A121F0244C0094562D /* MaskViewController.m */,
			);
			path = "4.4 图层蒙版";
			sourceTree = "<group>";
		};
/* End PBXGroup section */

/* Begin PBXNativeTarget section */
		819C533621EEC4990094562D /* LearnCoreAnimation */ = {
			isa = PBXNativeTarget;
			buildConfigurationList = 819C536321EEC4990094562D /* Build configuration list for PBXNativeTarget "LearnCoreAnimation" */;
			buildPhases = (
				819C533321EEC4990094562D /* Sources */,
				819C533421EEC4990094562D /* Frameworks */,
				819C533521EEC4990094562D /* Resources */,
			);
			buildRules = (
			);
			dependencies = (
			);
			name = LearnCoreAnimation;
			productName = LearnCoreAnimation;
			productReference = 819C533721EEC4990094562D /* LearnCoreAnimation.app */;
			productType = "com.apple.product-type.application";
		};
		819C534E21EEC4990094562D /* LearnCoreAnimationTests */ = {
			isa = PBXNativeTarget;
			buildConfigurationList = 819C536621EEC4990094562D /* Build configuration list for PBXNativeTarget "LearnCoreAnimationTests" */;
			buildPhases = (
				819C534B21EEC4990094562D /* Sources */,
				819C534C21EEC4990094562D /* Frameworks */,
				819C534D21EEC4990094562D /* Resources */,
			);
			buildRules = (
			);
			dependencies = (
				819C535121EEC4990094562D /* PBXTargetDependency */,
			);
			name = LearnCoreAnimationTests;
			productName = LearnCoreAnimationTests;
			productReference = 819C534F21EEC4990094562D /* LearnCoreAnimationTests.xctest */;
			productType = "com.apple.product-type.bundle.unit-test";
		};
		819C535921EEC4990094562D /* LearnCoreAnimationUITests */ = {
			isa = PBXNativeTarget;
			buildConfigurationList = 819C536921EEC4990094562D /* Build configuration list for PBXNativeTarget "LearnCoreAnimationUITests" */;
			buildPhases = (
				819C535621EEC4990094562D /* Sources */,
				819C535721EEC4990094562D /* Frameworks */,
				819C535821EEC4990094562D /* Resources */,
			);
			buildRules = (
			);
			dependencies = (
				819C535C21EEC4990094562D /* PBXTargetDependency */,
			);
			name = LearnCoreAnimationUITests;
			productName = LearnCoreAnimationUITests;
			productReference = 819C535A21EEC4990094562D /* LearnCoreAnimationUITests.xctest */;
			productType = "com.apple.product-type.bundle.ui-testing";
		};
/* End PBXNativeTarget section */

/* Begin PBXProject section */
		819C532F21EEC4990094562D /* Project object */ = {
			isa = PBXProject;
			attributes = {
				LastUpgradeCheck = 0920;
				ORGANIZATIONNAME = KN;
				TargetAttributes = {
					819C533621EEC4990094562D = {
						CreatedOnToolsVersion = 9.2;
						ProvisioningStyle = Automatic;
					};
					819C534E21EEC4990094562D = {
						CreatedOnToolsVersion = 9.2;
						ProvisioningStyle = Automatic;
						TestTargetID = 819C533621EEC4990094562D;
					};
					819C535921EEC4990094562D = {
						CreatedOnToolsVersion = 9.2;
						ProvisioningStyle = Automatic;
						TestTargetID = 819C533621EEC4990094562D;
					};
				};
			};
			buildConfigurationList = 819C533221EEC4990094562D /* Build configuration list for PBXProject "LearnCoreAnimation" */;
			compatibilityVersion = "Xcode 8.0";
			developmentRegion = en;
			hasScannedForEncodings = 0;
			knownRegions = (
				en,
				Base,
			);
			mainGroup = 819C532E21EEC4990094562D;
			productRefGroup = 819C533821EEC4990094562D /* Products */;
			projectDirPath = "";
			projectRoot = "";
			targets = (
				819C533621EEC4990094562D /* LearnCoreAnimation */,
				819C534E21EEC4990094562D /* LearnCoreAnimationTests */,
				819C535921EEC4990094562D /* LearnCoreAnimationUITests */,
			);
		};
/* End PBXProject section */

/* Begin PBXResourcesBuildPhase section */
		819C533521EEC4990094562D /* Resources */ = {
			isa = PBXResourcesBuildPhase;
			buildActionMask = 2147483647;
			files = (
				819C534721EEC4990094562D /* LaunchScreen.storyboard in Resources */,
				819C534421EEC4990094562D /* Assets.xcassets in Resources */,
			);
			runOnlyForDeploymentPostprocessing = 0;
		};
		819C534D21EEC4990094562D /* Resources */ = {
			isa = PBXResourcesBuildPhase;
			buildActionMask = 2147483647;
			files = (
			);
			runOnlyForDeploymentPostprocessing = 0;
		};
		819C535821EEC4990094562D /* Resources */ = {
			isa = PBXResourcesBuildPhase;
			buildActionMask = 2147483647;
			files = (
			);
			runOnlyForDeploymentPostprocessing = 0;
		};
/* End PBXResourcesBuildPhase section */

/* Begin PBXSourcesBuildPhase section */
		819C533321EEC4990094562D /* Sources */ = {
			isa = PBXSourcesBuildPhase;
			buildActionMask = 2147483647;
			files = (
				819C537F21EED8380094562D /* DrawViewController.m in Sources */,
				819C537221EEC8430094562D /* UseLayerViewController.m in Sources */,
				819C539021F0143E0094562D /* HitTestingViewController.m in Sources */,
				819C538721EEED860094562D /* AnchorPointViewController.m in Sources */,
				819C538B21F010AA0094562D /* CoordinateViewController.m in Sources */,
				819C533F21EEC4990094562D /* ViewController.m in Sources */,
				819C539D21F01F8A0094562D /* ShadowViewController.m in Sources */,
				819C537B21EED00C0094562D /* ContentsViewController.m in Sources */,
				819C539921F01C4C0094562D /* BorderViewController.m in Sources */,
				819C53A221F0244C0094562D /* MaskViewController.m in Sources */,
				819C534A21EEC4990094562D /* main.m in Sources */,
				819C539521F019E70094562D /* FilletViewController.m in Sources */,
				819C533C21EEC4990094562D /* AppDelegate.m in Sources */,
			);
			runOnlyForDeploymentPostprocessing = 0;
		};
		819C534B21EEC4990094562D /* Sources */ = {
			isa = PBXSourcesBuildPhase;
			buildActionMask = 2147483647;
			files = (
				819C535421EEC4990094562D /* LearnCoreAnimationTests.m in Sources */,
			);
			runOnlyForDeploymentPostprocessing = 0;
		};
		819C535621EEC4990094562D /* Sources */ = {
			isa = PBXSourcesBuildPhase;
			buildActionMask = 2147483647;
			files = (
				819C535F21EEC4990094562D /* LearnCoreAnimationUITests.m in Sources */,
			);
			runOnlyForDeploymentPostprocessing = 0;
		};
/* End PBXSourcesBuildPhase section */

/* Begin PBXTargetDependency section */
		819C535121EEC4990094562D /* PBXTargetDependency */ = {
			isa = PBXTargetDependency;
			target = 819C533621EEC4990094562D /* LearnCoreAnimation */;
			targetProxy = 819C535021EEC4990094562D /* PBXContainerItemProxy */;
		};
		819C535C21EEC4990094562D /* PBXTargetDependency */ = {
			isa = PBXTargetDependency;
			target = 819C533621EEC4990094562D /* LearnCoreAnimation */;
			targetProxy = 819C535B21EEC4990094562D /* PBXContainerItemProxy */;
		};
/* End PBXTargetDependency section */

/* Begin PBXVariantGroup section */
		819C534521EEC4990094562D /* LaunchScreen.storyboard */ = {
			isa = PBXVariantGroup;
			children = (
				819C534621EEC4990094562D /* Base */,
			);
			name = LaunchScreen.storyboard;
			sourceTree = "<group>";
		};
/* End PBXVariantGroup section */

/* Begin XCBuildConfiguration section */
		819C536121EEC4990094562D /* Debug */ = {
			isa = XCBuildConfiguration;
			buildSettings = {
				ALWAYS_SEARCH_USER_PATHS = NO;
				CLANG_ANALYZER_NONNULL = YES;
				CLANG_ANALYZER_NUMBER_OBJECT_CONVERSION = YES_AGGRESSIVE;
				CLANG_CXX_LANGUAGE_STANDARD = "gnu++14";
				CLANG_CXX_LIBRARY = "libc++";
				CLANG_ENABLE_MODULES = YES;
				CLANG_ENABLE_OBJC_ARC = YES;
				CLANG_WARN_BLOCK_CAPTURE_AUTORELEASING = YES;
				CLANG_WARN_BOOL_CONVERSION = YES;
				CLANG_WARN_COMMA = YES;
				CLANG_WARN_CONSTANT_CONVERSION = YES;
				CLANG_WARN_DIRECT_OBJC_ISA_USAGE = YES_ERROR;
				CLANG_WARN_DOCUMENTATION_COMMENTS = YES;
				CLANG_WARN_EMPTY_BODY = YES;
				CLANG_WARN_ENUM_CONVERSION = YES;
				CLANG_WARN_INFINITE_RECURSION = YES;
				CLANG_WARN_INT_CONVERSION = YES;
				CLANG_WARN_NON_LITERAL_NULL_CONVERSION = YES;
				CLANG_WARN_OBJC_LITERAL_CONVERSION = YES;
				CLANG_WARN_OBJC_ROOT_CLASS = YES_ERROR;
				CLANG_WARN_RANGE_LOOP_ANALYSIS = YES;
				CLANG_WARN_STRICT_PROTOTYPES = YES;
				CLANG_WARN_SUSPICIOUS_MOVE = YES;
				CLANG_WARN_UNGUARDED_AVAILABILITY = YES_AGGRESSIVE;
				CLANG_WARN_UNREACHABLE_CODE = YES;
				CLANG_WARN__DUPLICATE_METHOD_MATCH = YES;
				CODE_SIGN_IDENTITY = "iPhone Developer";
				COPY_PHASE_STRIP = NO;
				DEBUG_INFORMATION_FORMAT = dwarf;
				ENABLE_STRICT_OBJC_MSGSEND = YES;
				ENABLE_TESTABILITY = YES;
				GCC_C_LANGUAGE_STANDARD = gnu11;
				GCC_DYNAMIC_NO_PIC = NO;
				GCC_NO_COMMON_BLOCKS = YES;
				GCC_OPTIMIZATION_LEVEL = 0;
				GCC_PREPROCESSOR_DEFINITIONS = (
					"DEBUG=1",
					"$(inherited)",
				);
				GCC_WARN_64_TO_32_BIT_CONVERSION = YES;
				GCC_WARN_ABOUT_RETURN_TYPE = YES_ERROR;
				GCC_WARN_UNDECLARED_SELECTOR = YES;
				GCC_WARN_UNINITIALIZED_AUTOS = YES_AGGRESSIVE;
				GCC_WARN_UNUSED_FUNCTION = YES;
				GCC_WARN_UNUSED_VARIABLE = YES;
				IPHONEOS_DEPLOYMENT_TARGET = 11.2;
				MTL_ENABLE_DEBUG_INFO = YES;
				ONLY_ACTIVE_ARCH = YES;
				SDKROOT = iphoneos;
			};
			name = Debug;
		};
		819C536221EEC4990094562D /* Release */ = {
			isa = XCBuildConfiguration;
			buildSettings = {
				ALWAYS_SEARCH_USER_PATHS = NO;
				CLANG_ANALYZER_NONNULL = YES;
				CLANG_ANALYZER_NUMBER_OBJECT_CONVERSION = YES_AGGRESSIVE;
				CLANG_CXX_LANGUAGE_STANDARD = "gnu++14";
				CLANG_CXX_LIBRARY = "libc++";
				CLANG_ENABLE_MODULES = YES;
				CLANG_ENABLE_OBJC_ARC = YES;
				CLANG_WARN_BLOCK_CAPTURE_AUTORELEASING = YES;
				CLANG_WARN_BOOL_CONVERSION = YES;
				CLANG_WARN_COMMA = YES;
				CLANG_WARN_CONSTANT_CONVERSION = YES;
				CLANG_WARN_DIRECT_OBJC_ISA_USAGE = YES_ERROR;
				CLANG_WARN_DOCUMENTATION_COMMENTS = YES;
				CLANG_WARN_EMPTY_BODY = YES;
				CLANG_WARN_ENUM_CONVERSION = YES;
				CLANG_WARN_INFINITE_RECURSION = YES;
				CLANG_WARN_INT_CONVERSION = YES;
				CLANG_WARN_NON_LITERAL_NULL_CONVERSION = YES;
				CLANG_WARN_OBJC_LITERAL_CONVERSION = YES;
				CLANG_WARN_OBJC_ROOT_CLASS = YES_ERROR;
				CLANG_WARN_RANGE_LOOP_ANALYSIS = YES;
				CLANG_WARN_STRICT_PROTOTYPES = YES;
				CLANG_WARN_SUSPICIOUS_MOVE = YES;
				CLANG_WARN_UNGUARDED_AVAILABILITY = YES_AGGRESSIVE;
				CLANG_WARN_UNREACHABLE_CODE = YES;
				CLANG_WARN__DUPLICATE_METHOD_MATCH = YES;
				CODE_SIGN_IDENTITY = "iPhone Developer";
				COPY_PHASE_STRIP = NO;
				DEBUG_INFORMATION_FORMAT = "dwarf-with-dsym";
				ENABLE_NS_ASSERTIONS = NO;
				ENABLE_STRICT_OBJC_MSGSEND = YES;
				GCC_C_LANGUAGE_STANDARD = gnu11;
				GCC_NO_COMMON_BLOCKS = YES;
				GCC_WARN_64_TO_32_BIT_CONVERSION = YES;
				GCC_WARN_ABOUT_RETURN_TYPE = YES_ERROR;
				GCC_WARN_UNDECLARED_SELECTOR = YES;
				GCC_WARN_UNINITIALIZED_AUTOS = YES_AGGRESSIVE;
				GCC_WARN_UNUSED_FUNCTION = YES;
				GCC_WARN_UNUSED_VARIABLE = YES;
				IPHONEOS_DEPLOYMENT_TARGET = 11.2;
				MTL_ENABLE_DEBUG_INFO = NO;
				SDKROOT = iphoneos;
				VALIDATE_PRODUCT = YES;
			};
			name = Release;
		};
		819C536421EEC4990094562D /* Debug */ = {
			isa = XCBuildConfiguration;
			buildSettings = {
				ASSETCATALOG_COMPILER_APPICON_NAME = AppIcon;
				CODE_SIGN_STYLE = Automatic;
				INFOPLIST_FILE = LearnCoreAnimation/Info.plist;
				LD_RUNPATH_SEARCH_PATHS = "$(inherited) @executable_path/Frameworks";
				PRODUCT_BUNDLE_IDENTIFIER = ht.LearnCoreAnimation;
				PRODUCT_NAME = "$(TARGET_NAME)";
				TARGETED_DEVICE_FAMILY = "1,2";
			};
			name = Debug;
		};
		819C536521EEC4990094562D /* Release */ = {
			isa = XCBuildConfiguration;
			buildSettings = {
				ASSETCATALOG_COMPILER_APPICON_NAME = AppIcon;
				CODE_SIGN_STYLE = Automatic;
				INFOPLIST_FILE = LearnCoreAnimation/Info.plist;
				LD_RUNPATH_SEARCH_PATHS = "$(inherited) @executable_path/Frameworks";
				PRODUCT_BUNDLE_IDENTIFIER = ht.LearnCoreAnimation;
				PRODUCT_NAME = "$(TARGET_NAME)";
				TARGETED_DEVICE_FAMILY = "1,2";
			};
			name = Release;
		};
		819C536721EEC4990094562D /* Debug */ = {
			isa = XCBuildConfiguration;
			buildSettings = {
				BUNDLE_LOADER = "$(TEST_HOST)";
				CODE_SIGN_STYLE = Automatic;
				INFOPLIST_FILE = LearnCoreAnimationTests/Info.plist;
				LD_RUNPATH_SEARCH_PATHS = "$(inherited) @executable_path/Frameworks @loader_path/Frameworks";
				PRODUCT_BUNDLE_IDENTIFIER = ht.LearnCoreAnimationTests;
				PRODUCT_NAME = "$(TARGET_NAME)";
				TARGETED_DEVICE_FAMILY = "1,2";
				TEST_HOST = "$(BUILT_PRODUCTS_DIR)/LearnCoreAnimation.app/LearnCoreAnimation";
			};
			name = Debug;
		};
		819C536821EEC4990094562D /* Release */ = {
			isa = XCBuildConfiguration;
			buildSettings = {
				BUNDLE_LOADER = "$(TEST_HOST)";
				CODE_SIGN_STYLE = Automatic;
				INFOPLIST_FILE = LearnCoreAnimationTests/Info.plist;
				LD_RUNPATH_SEARCH_PATHS = "$(inherited) @executable_path/Frameworks @loader_path/Frameworks";
				PRODUCT_BUNDLE_IDENTIFIER = ht.LearnCoreAnimationTests;
				PRODUCT_NAME = "$(TARGET_NAME)";
				TARGETED_DEVICE_FAMILY = "1,2";
				TEST_HOST = "$(BUILT_PRODUCTS_DIR)/LearnCoreAnimation.app/LearnCoreAnimation";
			};
			name = Release;
		};
		819C536A21EEC4990094562D /* Debug */ = {
			isa = XCBuildConfiguration;
			buildSettings = {
				CODE_SIGN_STYLE = Automatic;
				INFOPLIST_FILE = LearnCoreAnimationUITests/Info.plist;
				LD_RUNPATH_SEARCH_PATHS = "$(inherited) @executable_path/Frameworks @loader_path/Frameworks";
				PRODUCT_BUNDLE_IDENTIFIER = ht.LearnCoreAnimationUITests;
				PRODUCT_NAME = "$(TARGET_NAME)";
				TARGETED_DEVICE_FAMILY = "1,2";
				TEST_TARGET_NAME = LearnCoreAnimation;
			};
			name = Debug;
		};
		819C536B21EEC4990094562D /* Release */ = {
			isa = XCBuildConfiguration;
			buildSettings = {
				CODE_SIGN_STYLE = Automatic;
				INFOPLIST_FILE = LearnCoreAnimationUITests/Info.plist;
				LD_RUNPATH_SEARCH_PATHS = "$(inherited) @executable_path/Frameworks @loader_path/Frameworks";
				PRODUCT_BUNDLE_IDENTIFIER = ht.LearnCoreAnimationUITests;
				PRODUCT_NAME = "$(TARGET_NAME)";
				TARGETED_DEVICE_FAMILY = "1,2";
				TEST_TARGET_NAME = LearnCoreAnimation;
			};
			name = Release;
		};
/* End XCBuildConfiguration section */

/* Begin XCConfigurationList section */
		819C533221EEC4990094562D /* Build configuration list for PBXProject "LearnCoreAnimation" */ = {
			isa = XCConfigurationList;
			buildConfigurations = (
				819C536121EEC4990094562D /* Debug */,
				819C536221EEC4990094562D /* Release */,
			);
			defaultConfigurationIsVisible = 0;
			defaultConfigurationName = Release;
		};
		819C536321EEC4990094562D /* Build configuration list for PBXNativeTarget "LearnCoreAnimation" */ = {
			isa = XCConfigurationList;
			buildConfigurations = (
				819C536421EEC4990094562D /* Debug */,
				819C536521EEC4990094562D /* Release */,
			);
			defaultConfigurationIsVisible = 0;
			defaultConfigurationName = Release;
		};
		819C536621EEC4990094562D /* Build configuration list for PBXNativeTarget "LearnCoreAnimationTests" */ = {
			isa = XCConfigurationList;
			buildConfigurations = (
				819C536721EEC4990094562D /* Debug */,
				819C536821EEC4990094562D /* Release */,
			);
			defaultConfigurationIsVisible = 0;
			defaultConfigurationName = Release;
		};
		819C536921EEC4990094562D /* Build configuration list for PBXNativeTarget "LearnCoreAnimationUITests" */ = {
			isa = XCConfigurationList;
			buildConfigurations = (
				819C536A21EEC4990094562D /* Debug */,
				819C536B21EEC4990094562D /* Release */,
			);
			defaultConfigurationIsVisible = 0;
			defaultConfigurationName = Release;
		};
/* End XCConfigurationList section */
	};
	rootObject = 819C532F21EEC4990094562D /* Project object */;
}
